
Microsoft Visual Studio Solution File, Format Version 12.00
# Visual Studio Version 17
VisualStudioVersion = 17.9.34607.119
MinimumVisualStudioVersion = 10.0.40219.1
Project("{9A19103F-16F7-4668-BE54-9A1E7A4F7556}") = "twstockdashboard-backend", "twstockdashboard-backend\twstockdashboard-backend.csproj", "{04EE8C1C-0373-4D6E-ACF5-051197AE49FD}"
EndProject
Global
	GlobalSection(SolutionConfigurationPlatforms) = preSolution
		Debug|Any CPU = Debug|Any CPU
		Release|Any CPU = Release|Any CPU
	EndGlobalSection
	GlobalSection(ProjectConfigurationPlatforms) = postSolution
		{04EE8C1C-0373-4D6E-ACF5-051197AE49FD}.Debug|Any CPU.ActiveCfg = Debug|Any CPU
		{04EE8C1C-0373-4D6E-ACF5-051197AE49FD}.Debug|Any CPU.Build.0 = Debug|Any CPU
		{04EE8C1C-0373-4D6E-ACF5-051197AE49FD}.Release|Any CPU.ActiveCfg = Release|Any CPU
		{04EE8C1C-0373-4D6E-ACF5-051197AE49FD}.Release|Any CPU.Build.0 = Release|Any CPU
	EndGlobalSection
	GlobalSection(SolutionProperties) = preSolution
		HideSolutionNode = FALSE
	EndGlobalSection
	GlobalSection(ExtensibilityGlobals) = postSolution
		SolutionGuid = {51861723-BE5E-45AF-BAA9-C5948074B35D}
	EndGlobalSection
EndGlobal
